
Microsoft Visual Studio Solution File, Format Version 12.00
# Visual Studio Version 17
VisualStudioVersion = 17.6.33829.357
MinimumVisualStudioVersion = 10.0.40219.1
Project("{9A19103F-16F7-4668-BE54-9A1E7A4F7556}") = "Kerry.SSP.Orders.API", "Kerry.SSP.Orders.API.csproj", "{79AD9F17-6378-49AC-891E-DD84B505B9D2}"
EndProject
Global
	GlobalSection(SolutionConfigurationPlatforms) = preSolution
		Debug|Any CPU = Debug|Any CPU
		Release|Any CPU = Release|Any CPU
	EndGlobalSection
	GlobalSection(ProjectConfigurationPlatforms) = postSolution
		{79AD9F17-6378-49AC-891E-DD84B505B9D2}.Debug|Any CPU.ActiveCfg = Debug|Any CPU
		{79AD9F17-6378-49AC-891E-DD84B505B9D2}.Debug|Any CPU.Build.0 = Debug|Any CPU
		{79AD9F17-6378-49AC-891E-DD84B505B9D2}.Release|Any CPU.ActiveCfg = Release|Any CPU
		{79AD9F17-6378-49AC-891E-DD84B505B9D2}.Release|Any CPU.Build.0 = Release|Any CPU
	EndGlobalSection
	GlobalSection(SolutionProperties) = preSolution
		HideSolutionNode = FALSE
	EndGlobalSection
	GlobalSection(ExtensibilityGlobals) = postSolution
		SolutionGuid = {AE9C6884-4D55-4AA4-9212-6C7C2963226E}
	EndGlobalSection
EndGlobal
