
Microsoft Visual Studio Solution File, Format Version 12.00
# Visual Studio Version 17
VisualStudioVersion = 17.6.33829.357
MinimumVisualStudioVersion = 10.0.40219.1
Project("{FAE04EC0-301F-11D3-BF4B-00C04F79EFBC}") = "Kerry.SSP.User.API", "Kerry.SSP.User.API.csproj", "{6FF7E3AB-00E9-48E4-886A-0E21C1C428F7}"
EndProject
Global
	GlobalSection(SolutionConfigurationPlatforms) = preSolution
		Debug|Any CPU = Debug|Any CPU
		Release|Any CPU = Release|Any CPU
	EndGlobalSection
	GlobalSection(ProjectConfigurationPlatforms) = postSolution
		{6FF7E3AB-00E9-48E4-886A-0E21C1C428F7}.Debug|Any CPU.ActiveCfg = Debug|Any CPU
		{6FF7E3AB-00E9-48E4-886A-0E21C1C428F7}.Debug|Any CPU.Build.0 = Debug|Any CPU
		{6FF7E3AB-00E9-48E4-886A-0E21C1C428F7}.Release|Any CPU.ActiveCfg = Release|Any CPU
		{6FF7E3AB-00E9-48E4-886A-0E21C1C428F7}.Release|Any CPU.Build.0 = Release|Any CPU
	EndGlobalSection
	GlobalSection(SolutionProperties) = preSolution
		HideSolutionNode = FALSE
	EndGlobalSection
	GlobalSection(ExtensibilityGlobals) = postSolution
		SolutionGuid = {885976CD-F122-48EB-A668-58DB0D6135F2}
	EndGlobalSection
EndGlobal
